
Microsoft Visual Studio Solution File, Format Version 12.00
# Visual Studio Version 17
VisualStudioVersion = 17.10.35004.147
MinimumVisualStudioVersion = 10.0.40219.1
Project("{FAE04EC0-301F-11D3-BF4B-00C04F79EFBC}") = "AspektAssignmentWithBug", "AspektAssignmentWithBug\AspektAssignmentWithBug.csproj", "{5017AD43-8913-438F-885B-A420AC6BB240}"
EndProject
Global
	GlobalSection(SolutionConfigurationPlatforms) = preSolution
		Debug|Any CPU = Debug|Any CPU
		Release|Any CPU = Release|Any CPU
	EndGlobalSection
	GlobalSection(ProjectConfigurationPlatforms) = postSolution
		{5017AD43-8913-438F-885B-A420AC6BB240}.Debug|Any CPU.ActiveCfg = Debug|Any CPU
		{5017AD43-8913-438F-885B-A420AC6BB240}.Debug|Any CPU.Build.0 = Debug|Any CPU
		{5017AD43-8913-438F-885B-A420AC6BB240}.Release|Any CPU.ActiveCfg = Release|Any CPU
		{5017AD43-8913-438F-885B-A420AC6BB240}.Release|Any CPU.Build.0 = Release|Any CPU
	EndGlobalSection
	GlobalSection(SolutionProperties) = preSolution
		HideSolutionNode = FALSE
	EndGlobalSection
	GlobalSection(ExtensibilityGlobals) = postSolution
		SolutionGuid = {C0CB72A7-971A-472B-B515-5C02C4385DAB}
	EndGlobalSection
EndGlobal
